
Microsoft Visual Studio Solution File, Format Version 12.00
# Visual Studio Version 17
VisualStudioVersion = 17.9.34701.34
MinimumVisualStudioVersion = 10.0.40219.1
Project("{F184B08F-C81C-45F6-A57F-5ABD9991F28F}") = "SISTEMA hOTEL1.0", "SISTEMA hOTEL1.0\SISTEMA hOTEL1.0.vbproj", "{72E1B1E4-ABE9-4AD8-A2CD-6288552DEF6C}"
EndProject
Global
	GlobalSection(SolutionConfigurationPlatforms) = preSolution
		Debug|Any CPU = Debug|Any CPU
		Release|Any CPU = Release|Any CPU
	EndGlobalSection
	GlobalSection(ProjectConfigurationPlatforms) = postSolution
		{72E1B1E4-ABE9-4AD8-A2CD-6288552DEF6C}.Debug|Any CPU.ActiveCfg = Debug|Any CPU
		{72E1B1E4-ABE9-4AD8-A2CD-6288552DEF6C}.Debug|Any CPU.Build.0 = Debug|Any CPU
		{72E1B1E4-ABE9-4AD8-A2CD-6288552DEF6C}.Release|Any CPU.ActiveCfg = Release|Any CPU
		{72E1B1E4-ABE9-4AD8-A2CD-6288552DEF6C}.Release|Any CPU.Build.0 = Release|Any CPU
	EndGlobalSection
	GlobalSection(SolutionProperties) = preSolution
		HideSolutionNode = FALSE
	EndGlobalSection
	GlobalSection(ExtensibilityGlobals) = postSolution
		SolutionGuid = {B76D5E30-0B01-4BD6-9AD8-659DFA04B902}
	EndGlobalSection
EndGlobal
